{
    "_readme": [
        "This file locks the dependencies of your project to a known state",
        "Read more about it at https://getcomposer.org/doc/01-basic-usage.md#installing-dependencies",
        "This file is @generated automatically"
    ],
    "content-hash": "09c6a4dc77172a48cbc9d3092f2feb27",
    "packages": [
        {
            "name": "koenpunt/php-inflector",
            "version": "v1.0.0",
            "source": {
                "type": "git",
                "url": "https://github.com/koenpunt/php-inflector.git",
                "reference": "6c0157f7fb6e5129743508c303dcb6b1d246b800"
            },
            "dist": {
                "type": "zip",
                "url": "https://api.github.com/repos/koenpunt/php-inflector/zipball/6c0157f7fb6e5129743508c303dcb6b1d246b800",
                "reference": "6c0157f7fb6e5129743508c303dcb6b1d246b800",
                "shasum": ""
            },
            "type": "library",
            "autoload": {
                "psr-4": {
                    "PhpInflector\\": "lib/"
                }
            },
            "notification-url": "https://packagist.org/downloads/",
            "license": [
                "MIT"
            ],
            "authors": [
                {
                    "name": "Koen Punt",
                    "email": "me@koen.pt"
                }
            ],
            "description": "PHP Inflector, ported from Rails",
            "keywords": [
                "inflector",
                "php"
            ],
            "time": "2014-04-10T19:13:17+00:00"
        }
    ],
    "packages-dev": [],
    "aliases": [],
    "minimum-stability": "stable",
    "stability-flags": [],
    "prefer-stable": false,
    "prefer-lowest": false,
    "platform": [],
    "platform-dev": []
}
